
Microsoft Visual Studio Solution File, Format Version 12.00
# Visual Studio 15
VisualStudioVersion = 15.0.26014.0
MinimumVisualStudioVersion = 10.0.40219.1
Project("{FAE04EC0-301F-11D3-BF4B-00C04F79EFBC}") = "ClosersPatcher", "ClosersPatcher\ClosersPatcher.csproj", "{75597DFC-B064-463A-A348-3533FB909467}"
EndProject
Global
	GlobalSection(SolutionConfigurationPlatforms) = preSolution
		Debug|Any CPU = Debug|Any CPU
		Release|Any CPU = Release|Any CPU
	EndGlobalSection
	GlobalSection(ProjectConfigurationPlatforms) = postSolution
		{75597DFC-B064-463A-A348-3533FB909467}.Debug|Any CPU.ActiveCfg = Debug|Any CPU
		{75597DFC-B064-463A-A348-3533FB909467}.Debug|Any CPU.Build.0 = Debug|Any CPU
		{75597DFC-B064-463A-A348-3533FB909467}.Release|Any CPU.ActiveCfg = Release|Any CPU
		{75597DFC-B064-463A-A348-3533FB909467}.Release|Any CPU.Build.0 = Release|Any CPU
	EndGlobalSection
	GlobalSection(SolutionProperties) = preSolution
		HideSolutionNode = FALSE
	EndGlobalSection
EndGlobal
